// !$*UTF8*$!
{
	archiveVersion = 1;
	classes = {
	};
	objectVersion = 46;
	objects = {

/* Begin PBXBuildFile section */
		AD7491FC1C5FBA3B009F7F02 /* AppDelegate.swift in Sources */ = {isa = PBXBuildFile; fileRef = AD7491FB1C5FBA3B009F7F02 /* AppDelegate.swift */; };
		AD7491FE1C5FBA3B009F7F02 /* ViewController.swift in Sources */ = {isa = PBXBuildFile; fileRef = AD7491FD1C5FBA3B009F7F02 /* ViewController.swift */; };
		AD7492011C5FBA3B009F7F02 /* Main.storyboard in Resources */ = {isa = PBXBuildFile; fileRef = AD7491FF1C5FBA3B009F7F02 /* Main.storyboard */; };
		AD7492031C5FBA3B009F7F02 /* Assets.xcassets in Resources */ = {isa = PBXBuildFile; fileRef = AD7492021C5FBA3B009F7F02 /* Assets.xcassets */; };
		AD7492061C5FBA3B009F7F02 /* LaunchScreen.storyboard in Resources */ = {isa = PBXBuildFile; fileRef = AD7492041C5FBA3B009F7F02 /* LaunchScreen.storyboard */; };
		AD74920E1C5FBA4E009F7F02 /* WeakReferer.swift in Sources */ = {isa = PBXBuildFile; fileRef = AD74920D1C5FBA4E009F7F02 /* WeakReferer.swift */; };
/* End PBXBuildFile section */

/* Begin PBXFileReference section */
		AD7491F81C5FBA3B009F7F02 /* 2015-12-11-SwiftWeakReference.app */ = {isa = PBXFileReference; explicitFileType = wrapper.application; includeInIndex = 0; path = "2015-12-11-SwiftWeakReference.app"; sourceTree = BUILT_PRODUCTS_DIR; };
		AD7491FB1C5FBA3B009F7F02 /* AppDelegate.swift */ = {isa = PBXFileReference; lastKnownFileType = sourcecode.swift; path = AppDelegate.swift; sourceTree = "<group>"; };
		AD7491FD1C5FBA3B009F7F02 /* ViewController.swift */ = {isa = PBXFileReference; lastKnownFileType = sourcecode.swift; path = ViewController.swift; sourceTree = "<group>"; };
		AD7492001C5FBA3B009F7F02 /* Base */ = {isa = PBXFileReference; lastKnownFileType = file.storyboard; name = Base; path = Base.lproj/Main.storyboard; sourceTree = "<group>"; };
		AD7492021C5FBA3B009F7F02 /* Assets.xcassets */ = {isa = PBXFileReference; lastKnownFileType = folder.assetcatalog; path = Assets.xcassets; sourceTree = "<group>"; };
		AD7492051C5FBA3B009F7F02 /* Base */ = {isa = PBXFileReference; lastKnownFileType = file.storyboard; name = Base; path = Base.lproj/LaunchScreen.storyboard; sourceTree = "<group>"; };
		AD7492071C5FBA3B009F7F02 /* Info.plist */ = {isa = PBXFileReference; lastKnownFileType = text.plist.xml; path = Info.plist; sourceTree = "<group>"; };
		AD74920D1C5FBA4E009F7F02 /* WeakReferer.swift */ = {isa = PBXFileReference; fileEncoding = 4; lastKnownFileType = sourcecode.swift; path = WeakReferer.swift; sourceTree = "<group>"; };
/* End PBXFileReference section */

/* Begin PBXFrameworksBuildPhase section */
		AD7491F51C5FBA3B009F7F02 /* Frameworks */ = {
			isa = PBXFrameworksBuildPhase;
			buildActionMask = 2147483647;
			files = (
			);
			runOnlyForDeploymentPostprocessing = 0;
		};
/* End PBXFrameworksBuildPhase section */

/* Begin PBXGroup section */
		AD7491EF1C5FBA3B009F7F02 = {
			isa = PBXGroup;
			children = (
				AD7491FA1C5FBA3B009F7F02 /* 2015-12-11-SwiftWeakReference */,
				AD7491F91C5FBA3B009F7F02 /* Products */,
			);
			sourceTree = "<group>";
		};
		AD7491F91C5FBA3B009F7F02 /* Products */ = {
			isa = PBXGroup;
			children = (
				AD7491F81C5FBA3B009F7F02 /* 2015-12-11-SwiftWeakReference.app */,
			);
			name = Products;
			sourceTree = "<group>";
		};
		AD7491FA1C5FBA3B009F7F02 /* 2015-12-11-SwiftWeakReference */ = {
			isa = PBXGroup;
			children = (
				AD7491FB1C5FBA3B009F7F02 /* AppDelegate.swift */,
				AD7491FD1C5FBA3B009F7F02 /* ViewController.swift */,
				AD74920D1C5FBA4E009F7F02 /* WeakReferer.swift */,
				AD7491FF1C5FBA3B009F7F02 /* Main.storyboard */,
				AD7492021C5FBA3B009F7F02 /* Assets.xcassets */,
				AD7492041C5FBA3B009F7F02 /* LaunchScreen.storyboard */,
				AD7492071C5FBA3B009F7F02 /* Info.plist */,
			);
			path = "2015-12-11-SwiftWeakReference";
			sourceTree = "<group>";
		};
/* End PBXGroup section */

/* Begin PBXNativeTarget section */
		AD7491F71C5FBA3B009F7F02 /* 2015-12-11-SwiftWeakReference */ = {
			isa = PBXNativeTarget;
			buildConfigurationList = AD74920A1C5FBA3B009F7F02 /* Build configuration list for PBXNativeTarget "2015-12-11-SwiftWeakReference" */;
			buildPhases = (
				AD7491F41C5FBA3B009F7F02 /* Sources */,
				AD7491F51C5FBA3B009F7F02 /* Frameworks */,
				AD7491F61C5FBA3B009F7F02 /* Resources */,
			);
			buildRules = (
			);
			dependencies = (
			);
			name = "2015-12-11-SwiftWeakReference";
			productName = "2015-12-11-SwiftWeakReference";
			productReference = AD7491F81C5FBA3B009F7F02 /* 2015-12-11-SwiftWeakReference.app */;
			productType = "com.apple.product-type.application";
		};
/* End PBXNativeTarget section */

/* Begin PBXProject section */
		AD7491F01C5FBA3B009F7F02 /* Project object */ = {
			isa = PBXProject;
			attributes = {
				LastSwiftUpdateCheck = 0720;
				LastUpgradeCheck = 0720;
				ORGANIZATIONNAME = "顾超";
				TargetAttributes = {
					AD7491F71C5FBA3B009F7F02 = {
						CreatedOnToolsVersion = 7.2;
					};
				};
			};
			buildConfigurationList = AD7491F31C5FBA3B009F7F02 /* Build configuration list for PBXProject "2015-12-11-SwiftWeakReference" */;
			compatibilityVersion = "Xcode 3.2";
			developmentRegion = English;
			hasScannedForEncodings = 0;
			knownRegions = (
				en,
				Base,
			);
			mainGroup = AD7491EF1C5FBA3B009F7F02;
			productRefGroup = AD7491F91C5FBA3B009F7F02 /* Products */;
			projectDirPath = "";
			projectRoot = "";
			targets = (
				AD7491F71C5FBA3B009F7F02 /* 2015-12-11-SwiftWeakReference */,
			);
		};
/* End PBXProject section */

/* Begin PBXResourcesBuildPhase section */
		AD7491F61C5FBA3B009F7F02 /* Resources */ = {
			isa = PBXResourcesBuildPhase;
			buildActionMask = 2147483647;
			files = (
				AD7492061C5FBA3B009F7F02 /* LaunchScreen.storyboard in Resources */,
				AD7492031C5FBA3B009F7F02 /* Assets.xcassets in Resources */,
				AD7492011C5FBA3B009F7F02 /* Main.storyboard in Resources */,
			);
			runOnlyForDeploymentPostprocessing = 0;
		};
/* End PBXResourcesBuildPhase section */

/* Begin PBXSourcesBuildPhase section */
		AD7491F41C5FBA3B009F7F02 /* Sources */ = {
			isa = PBXSourcesBuildPhase;
			buildActionMask = 2147483647;
			files = (
				AD7491FE1C5FBA3B009F7F02 /* ViewController.swift in Sources */,
				AD7491FC1C5FBA3B009F7F02 /* AppDelegate.swift in Sources */,
				AD74920E1C5FBA4E009F7F02 /* WeakReferer.swift in Sources */,
			);
			runOnlyForDeploymentPostprocessing = 0;
		};
/* End PBXSourcesBuildPhase section */

/* Begin PBXVariantGroup section */
		AD7491FF1C5FBA3B009F7F02 /* Main.storyboard */ = {
			isa = PBXVariantGroup;
			children = (
				AD7492001C5FBA3B009F7F02 /* Base */,
			);
			name = Main.storyboard;
			sourceTree = "<group>";
		};
		AD7492041C5FBA3B009F7F02 /* LaunchScreen.storyboard */ = {
			isa = PBXVariantGroup;
			children = (
				AD7492051C5FBA3B009F7F02 /* Base */,
			);
			name = LaunchScreen.storyboard;
			sourceTree = "<group>";
		};
/* End PBXVariantGroup section */

/* Begin XCBuildConfiguration section */
		AD7492081C5FBA3B009F7F02 /* Debug */ = {
			isa = XCBuildConfiguration;
			buildSettings = {
				ALWAYS_SEARCH_USER_PATHS = NO;
				CLANG_CXX_LANGUAGE_STANDARD = "gnu++0x";
				CLANG_CXX_LIBRARY = "libc++";
				CLANG_ENABLE_MODULES = YES;
				CLANG_ENABLE_OBJC_ARC = YES;
				CLANG_WARN_BOOL_CONVERSION = YES;
				CLANG_WARN_CONSTANT_CONVERSION = YES;
				CLANG_WARN_DIRECT_OBJC_ISA_USAGE = YES_ERROR;
				CLANG_WARN_EMPTY_BODY = YES;
				CLANG_WARN_ENUM_CONVERSION = YES;
				CLANG_WARN_INT_CONVERSION = YES;
				CLANG_WARN_OBJC_ROOT_CLASS = YES_ERROR;
				CLANG_WARN_UNREACHABLE_CODE = YES;
				CLANG_WARN__DUPLICATE_METHOD_MATCH = YES;
				"CODE_SIGN_IDENTITY[sdk=iphoneos*]" = "iPhone Developer";
				COPY_PHASE_STRIP = NO;
				DEBUG_INFORMATION_FORMAT = dwarf;
				ENABLE_STRICT_OBJC_MSGSEND = YES;
				ENABLE_TESTABILITY = YES;
				GCC_C_LANGUAGE_STANDARD = gnu99;
				GCC_DYNAMIC_NO_PIC = NO;
				GCC_NO_COMMON_BLOCKS = YES;
				GCC_OPTIMIZATION_LEVEL = 0;
				GCC_PREPROCESSOR_DEFINITIONS = (
					"DEBUG=1",
					"$(inherited)",
				);
				GCC_WARN_64_TO_32_BIT_CONVERSION = YES;
				GCC_WARN_ABOUT_RETURN_TYPE = YES_ERROR;
				GCC_WARN_UNDECLARED_SELECTOR = YES;
				GCC_WARN_UNINITIALIZED_AUTOS = YES_AGGRESSIVE;
				GCC_WARN_UNUSED_FUNCTION = YES;
				GCC_WARN_UNUSED_VARIABLE = YES;
				IPHONEOS_DEPLOYMENT_TARGET = 9.2;
				MTL_ENABLE_DEBUG_INFO = YES;
				ONLY_ACTIVE_ARCH = YES;
				SDKROOT = iphoneos;
				SWIFT_OPTIMIZATION_LEVEL = "-Onone";
			};
			name = Debug;
		};
		AD7492091C5FBA3B009F7F02 /* Release */ = {
			isa = XCBuildConfiguration;
			buildSettings = {
				ALWAYS_SEARCH_USER_PATHS = NO;
				CLANG_CXX_LANGUAGE_STANDARD = "gnu++0x";
				CLANG_CXX_LIBRARY = "libc++";
				CLANG_ENABLE_MODULES = YES;
				CLANG_ENABLE_OBJC_ARC = YES;
				CLANG_WARN_BOOL_CONVERSION = YES;
				CLANG_WARN_CONSTANT_CONVERSION = YES;
				CLANG_WARN_DIRECT_OBJC_ISA_USAGE = YES_ERROR;
				CLANG_WARN_EMPTY_BODY = YES;
				CLANG_WARN_ENUM_CONVERSION = YES;
				CLANG_WARN_INT_CONVERSION = YES;
				CLANG_WARN_OBJC_ROOT_CLASS = YES_ERROR;
				CLANG_WARN_UNREACHABLE_CODE = YES;
				CLANG_WARN__DUPLICATE_METHOD_MATCH = YES;
				"CODE_SIGN_IDENTITY[sdk=iphoneos*]" = "iPhone Developer";
				COPY_PHASE_STRIP = NO;
				DEBUG_INFORMATION_FORMAT = "dwarf-with-dsym";
				ENABLE_NS_ASSERTIONS = NO;
				ENABLE_STRICT_OBJC_MSGSEND = YES;
				GCC_C_LANGUAGE_STANDARD = gnu99;
				GCC_NO_COMMON_BLOCKS = YES;
				GCC_WARN_64_TO_32_BIT_CONVERSION = YES;
				GCC_WARN_ABOUT_RETURN_TYPE = YES_ERROR;
				GCC_WARN_UNDECLARED_SELECTOR = YES;
				GCC_WARN_UNINITIALIZED_AUTOS = YES_AGGRESSIVE;
				GCC_WARN_UNUSED_FUNCTION = YES;
				GCC_WARN_UNUSED_VARIABLE = YES;
				IPHONEOS_DEPLOYMENT_TARGET = 9.2;
				MTL_ENABLE_DEBUG_INFO = NO;
				SDKROOT = iphoneos;
				VALIDATE_PRODUCT = YES;
			};
			name = Release;
		};
		AD74920B1C5FBA3B009F7F02 /* Debug */ = {
			isa = XCBuildConfiguration;
			buildSettings = {
				ASSETCATALOG_COMPILER_APPICON_NAME = AppIcon;
				INFOPLIST_FILE = "2015-12-11-SwiftWeakReference/Info.plist";
				LD_RUNPATH_SEARCH_PATHS = "$(inherited) @executable_path/Frameworks";
				PRODUCT_BUNDLE_IDENTIFIER = "edu.self.-015-12-11-SwiftWeakReference";
				PRODUCT_NAME = "$(TARGET_NAME)";
			};
			name = Debug;
		};
		AD74920C1C5FBA3B009F7F02 /* Release */ = {
			isa = XCBuildConfiguration;
			buildSettings = {
				ASSETCATALOG_COMPILER_APPICON_NAME = AppIcon;
				INFOPLIST_FILE = "2015-12-11-SwiftWeakReference/Info.plist";
				LD_RUNPATH_SEARCH_PATHS = "$(inherited) @executable_path/Frameworks";
				PRODUCT_BUNDLE_IDENTIFIER = "edu.self.-015-12-11-SwiftWeakReference";
				PRODUCT_NAME = "$(TARGET_NAME)";
			};
			name = Release;
		};
/* End XCBuildConfiguration section */

/* Begin XCConfigurationList section */
		AD7491F31C5FBA3B009F7F02 /* Build configuration list for PBXProject "2015-12-11-SwiftWeakReference" */ = {
			isa = XCConfigurationList;
			buildConfigurations = (
				AD7492081C5FBA3B009F7F02 /* Debug */,
				AD7492091C5FBA3B009F7F02 /* Release */,
			);
			defaultConfigurationIsVisible = 0;
			defaultConfigurationName = Release;
		};
		AD74920A1C5FBA3B009F7F02 /* Build configuration list for PBXNativeTarget "2015-12-11-SwiftWeakReference" */ = {
			isa = XCConfigurationList;
			buildConfigurations = (
				AD74920B1C5FBA3B009F7F02 /* Debug */,
				AD74920C1C5FBA3B009F7F02 /* Release */,
			);
			defaultConfigurationIsVisible = 0;
		};
/* End XCConfigurationList section */
	};
	rootObject = AD7491F01C5FBA3B009F7F02 /* Project object */;
}
